{
  "name": "data-mining",
  "version": "1.0.0",
  "lockfileVersion": 1,
  "requires": true,
  "dependencies": {
    "python-zip": {
      "version": "1.0.5",
      "resolved": "https://registry.npmjs.org/python-zip/-/python-zip-1.0.5.tgz",
      "integrity": "sha512-XiJVha0Ng/BRnyL2WLJdW3vwUP3rAY4/TQH6Gyy+zD+Z6amngL/Zz7g3GaXB/OWfRpXwdmi4p05Xy+RdT0AnEQ=="
    }
  }
}
